{
  "name": "youtrack-due-update-count-workflow",
  "version": "1.0.0",
  "lockfileVersion": 1,
  "requires": true,
  "dependencies": {
    "@jetbrains/youtrack-scripting-api": {
      "version": "2019.3.68795",
      "resolved": "https://registry.npmjs.org/@jetbrains/youtrack-scripting-api/-/youtrack-scripting-api-2019.3.68795.tgz",
      "integrity": "sha512-yP2GgWVMc6MHjXB+aZRzaRiME2D9CKhZoKkY89QECFPrRGg999JZxq/TmVt0a/n2Pa9qyc70xkUNhfaaw+yuYw=="
    }
  }
}
